
Microsoft Visual Studio Solution File, Format Version 12.00
# Visual Studio Version 17
VisualStudioVersion = 17.5.33516.290
MinimumVisualStudioVersion = 10.0.40219.1
Project("{FAE04EC0-301F-11D3-BF4B-00C04F79EFBC}") = "RegistroPuebloMontubio", "RegistroPuebloMontubio\RegistroPuebloMontubio.csproj", "{F0AEE60A-C3FE-4D89-91E4-8C30D514DFEE}"
EndProject
Project("{FAE04EC0-301F-11D3-BF4B-00C04F79EFBC}") = "CapaDatos", "CapaDatos\CapaDatos.csproj", "{BB07D2DD-0CF0-4B55-8C09-8D60FA92E7F4}"
EndProject
Project("{FAE04EC0-301F-11D3-BF4B-00C04F79EFBC}") = "CapaNegocio", "CapaNegocio\CapaNegocio.csproj", "{1F035465-02BF-4F30-A476-F224866BD957}"
EndProject
Global
	GlobalSection(SolutionConfigurationPlatforms) = preSolution
		Debug|Any CPU = Debug|Any CPU
		Release|Any CPU = Release|Any CPU
	EndGlobalSection
	GlobalSection(ProjectConfigurationPlatforms) = postSolution
		{F0AEE60A-C3FE-4D89-91E4-8C30D514DFEE}.Debug|Any CPU.ActiveCfg = Debug|Any CPU
		{F0AEE60A-C3FE-4D89-91E4-8C30D514DFEE}.Debug|Any CPU.Build.0 = Debug|Any CPU
		{F0AEE60A-C3FE-4D89-91E4-8C30D514DFEE}.Release|Any CPU.ActiveCfg = Release|Any CPU
		{F0AEE60A-C3FE-4D89-91E4-8C30D514DFEE}.Release|Any CPU.Build.0 = Release|Any CPU
		{BB07D2DD-0CF0-4B55-8C09-8D60FA92E7F4}.Debug|Any CPU.ActiveCfg = Debug|Any CPU
		{BB07D2DD-0CF0-4B55-8C09-8D60FA92E7F4}.Debug|Any CPU.Build.0 = Debug|Any CPU
		{BB07D2DD-0CF0-4B55-8C09-8D60FA92E7F4}.Release|Any CPU.ActiveCfg = Release|Any CPU
		{BB07D2DD-0CF0-4B55-8C09-8D60FA92E7F4}.Release|Any CPU.Build.0 = Release|Any CPU
		{1F035465-02BF-4F30-A476-F224866BD957}.Debug|Any CPU.ActiveCfg = Debug|Any CPU
		{1F035465-02BF-4F30-A476-F224866BD957}.Debug|Any CPU.Build.0 = Debug|Any CPU
		{1F035465-02BF-4F30-A476-F224866BD957}.Release|Any CPU.ActiveCfg = Release|Any CPU
		{1F035465-02BF-4F30-A476-F224866BD957}.Release|Any CPU.Build.0 = Release|Any CPU
	EndGlobalSection
	GlobalSection(SolutionProperties) = preSolution
		HideSolutionNode = FALSE
	EndGlobalSection
	GlobalSection(ExtensibilityGlobals) = postSolution
		SolutionGuid = {0521F1BF-31EE-4713-A75C-0077A39F85C3}
	EndGlobalSection
EndGlobal
